
Microsoft Visual Studio Solution File, Format Version 12.00
# Visual Studio Version 16
VisualStudioVersion = 16.0.30204.135
MinimumVisualStudioVersion = 10.0.40219.1
Project("{888888A0-9F3D-457C-B088-3A5042F75D52}") = "data_acquisition", "data_acquisition.pyproj", "{829507A9-989A-4957-B45D-E216F0A7595D}"
EndProject
Project("{2150E333-8FDC-42A3-9474-1A3956D46DE8}") = "Solution Items", "Solution Items", "{193C170D-0483-46D8-BCEB-E4151819CF6A}"
EndProject
Global
	GlobalSection(SolutionConfigurationPlatforms) = preSolution
		Debug|Any CPU = Debug|Any CPU
		Release|Any CPU = Release|Any CPU
	EndGlobalSection
	GlobalSection(ProjectConfigurationPlatforms) = postSolution
		{829507A9-989A-4957-B45D-E216F0A7595D}.Debug|Any CPU.ActiveCfg = Debug|Any CPU
		{829507A9-989A-4957-B45D-E216F0A7595D}.Release|Any CPU.ActiveCfg = Release|Any CPU
	EndGlobalSection
	GlobalSection(SolutionProperties) = preSolution
		HideSolutionNode = FALSE
	EndGlobalSection
	GlobalSection(ExtensibilityGlobals) = postSolution
		SolutionGuid = {BA18A7BC-0B0C-4A6B-96B3-CF0811D5D1E6}
	EndGlobalSection
EndGlobal
